
Microsoft Visual Studio Solution File, Format Version 12.00
# Visual Studio Version 16
VisualStudioVersion = 16.0.31424.327
MinimumVisualStudioVersion = 10.0.40219.1
Project("{FAE04EC0-301F-11D3-BF4B-00C04F79EFBC}") = "ProjetoFaculdade.API", "ProjetoFaculdade\ProjetoFaculdade.API.csproj", "{D33D9B65-866F-4510-A80F-9B4132786A97}"
EndProject
Global
	GlobalSection(SolutionConfigurationPlatforms) = preSolution
		Debug|Any CPU = Debug|Any CPU
		Release|Any CPU = Release|Any CPU
	EndGlobalSection
	GlobalSection(ProjectConfigurationPlatforms) = postSolution
		{D33D9B65-866F-4510-A80F-9B4132786A97}.Debug|Any CPU.ActiveCfg = Debug|Any CPU
		{D33D9B65-866F-4510-A80F-9B4132786A97}.Debug|Any CPU.Build.0 = Debug|Any CPU
		{D33D9B65-866F-4510-A80F-9B4132786A97}.Release|Any CPU.ActiveCfg = Release|Any CPU
		{D33D9B65-866F-4510-A80F-9B4132786A97}.Release|Any CPU.Build.0 = Release|Any CPU
	EndGlobalSection
	GlobalSection(SolutionProperties) = preSolution
		HideSolutionNode = FALSE
	EndGlobalSection
	GlobalSection(ExtensibilityGlobals) = postSolution
		SolutionGuid = {A135B771-8421-4575-BDCC-9029F4B5210E}
	EndGlobalSection
EndGlobal
